version = 1
requires-python = ">=3.10"
resolution-markers = [
    "python_full_version >= '3.14'",
    "python_full_version < '3.14'",
]

[[package]]
name = "cloudpickle"
version = "3.1.2"
source = { registry = "https://pypi.org/simple" }
sdist = { url = "https://files.pythonhosted.org/packages/27/fb/576f067976d320f5f0114a8d9fa1215425441bb35627b1993e5afd8111e5/cloudpickle-3.1.2.tar.gz", hash = "sha256:7fda9eb655c9c230dab534f1983763de5835249750e85fbcef43aaa30a9a2414", size = 22330 }
wheels = [
    { url = "https://files.pythonhosted.org/packages/88/39/799be3f2f0f38cc727ee3b4f1445fe6d5e4133064ec2e4115069418a5bb6/cloudpickle-3.1.2-py3-none-any.whl", hash = "sha256:9acb47f6afd73f60dc1df93bb801b472f05ff42fa6c84167d25cb206be1fbf4a", size = 22228 },
]

[[package]]
name = "datafusion"
version = "54.0.0"
source = { registry = "https://pypi.org/simple" }
dependencies = [
    { name = "cloudpickle" },
    { name = "pyarrow" },
    { name = "typing-extensions", marker = "python_full_version < '3.13'" },
]
sdist = { url = "https://files.pythonhosted.org/packages/60/90/886f7e9cf827f07ebd60bd293e54e0a028a50dd49bbaef0ee42aae1981ea/datafusion-54.0.0.tar.gz", hash = "sha256:cfe7e8dfc026efc05824f49b53ad6a72caf5c2d6820759b6212a09e245a427ed", size = 276448 }
wheels = [
    { url = "https://files.pythonhosted.org/packages/46/58/4c5b981e3d9ade32a906c15a4941eef50c9b862781cdc14bf4dff48d026a/datafusion-54.0.0-cp310-abi3-macosx_10_12_x86_64.whl", hash = "sha256:946f55e48b8d523d7b4ac106bdf588b4493c2c66f81877d6952aafeaf7c3ec73", size = 39810553 },
    { url = "https://files.pythonhosted.org/packages/66/e5/5e4dbd42ce9a2affb3be90d9ab17cebde1a6f28b0d9fb4b83d612d5c8e42/datafusion-54.0.0-cp310-abi3-macosx_11_0_arm64.whl", hash = "sha256:2a3bf43185c7e43e25242e5fb17b6a11b86bf976434c0bc493fdedbd9a080969", size = 37145255 },
    { url = "https://files.pythonhosted.org/packages/c6/5e/dbb9e6e3e5006d34f295d7ac73f1302c8f2df140666402a06e6c55028edb/datafusion-54.0.0-cp310-abi3-manylinux_2_28_aarch64.whl", hash = "sha256:9432bf162381e9282cbc74915b8b773895de18be836f7e3f6d0de4d981f24630", size = 38853856 },
    { url = "https://files.pythonhosted.org/packages/a8/81/e69008e3479f4d0134875bc4ae39503bedcd55ca2597e71392c963c651b4/datafusion-54.0.0-cp310-abi3-manylinux_2_28_x86_64.whl", hash = "sha256:3bcd4d213fa74710e75e6e182cc468c2bdbc5ffc74a08c8155d414fbbfa1b3f6", size = 41050149 },
    { url = "https://files.pythonhosted.org/packages/61/d4/8ba6e3fe3291c9ccc94b5ca3ec3c1fbcbfbe5ece5ffb965e4550844e2c56/datafusion-54.0.0-cp310-abi3-win_amd64.whl", hash = "sha256:b934e097e1bdca7d5768a81ac1bc4a1812cb459269f8b1a5d892a5d930f18376", size = 43444869 },
    { url = "https://files.pythonhosted.org/packages/9d/41/5608323226f21a0fa180823c531dbc0ed270e9b694f299b7647505cb6a06/datafusion-54.0.0-cp314-cp314t-macosx_10_12_x86_64.whl", hash = "sha256:c4e79048da82ad89b768bd0be7df39254cd2a0afe2b719d1f129e8a7229af683", size = 39796248 },
    { url = "https://files.pythonhosted.org/packages/18/81/392ee323104ab14ca689384723b69e137064a828233c165574f97a74c0e9/datafusion-54.0.0-cp314-cp314t-macosx_11_0_arm64.whl", hash = "sha256:fe57038003b18e28b90752c1e32b44af74ec4f552a1904aee725e1129a00c447", size = 37153577 },
    { url = "https://files.pythonhosted.org/packages/40/c4/ebd5ef5349ecbea7f5f9da76c213581c13e7bbe1b5735c9925b279eeb4eb/datafusion-54.0.0-cp314-cp314t-manylinux_2_28_aarch64.whl", hash = "sha256:574f642832a106456cfc4f32aa82484c504fc32f4be2b510202bcb579de8e6d1", size = 38849839 },
    { url = "https://files.pythonhosted.org/packages/5a/b9/2383d30d317bb913cab97dbf2e6e1d5f37f594860d5c5bc176e025cf7d4a/datafusion-54.0.0-cp314-cp314t-manylinux_2_28_x86_64.whl", hash = "sha256:796fd5683927443c5bc61999d00b9007ef9b5ce107725ea8d241df718860985d", size = 41074623 },
    { url = "https://files.pythonhosted.org/packages/35/5c/553fd1107dede0a56727fda7216a7198d41394f2d19697f4fb104cc695ea/datafusion-54.0.0-cp314-cp314t-win_amd64.whl", hash = "sha256:64973c63874ec31670dd97b32b18af7b07fad679cb20d58ed154038e3a5c204e", size = 43438801 },
]

[[package]]
name = "duckdb"
version = "1.5.6"
source = { registry = "https://pypi.org/simple" }
sdist = { url = "https://files.pythonhosted.org/packages/59/0b/d65ea3be00ea79aa276a8388bec588a9cbf409ce637c6d306e5316210d15/duckdb-1.5.6.tar.gz", hash = "sha256:166a91dbfacfc0c9f08cc76c0243cb6d3d4296bfab5bad72a3cfb63140a5b7c8", size = 18032957 }
wheels = [
    { url = "https://files.pythonhosted.org/packages/58/e1/5d05ecb59e3fd401414dacc9c969a326fe3a0b1eb07920058b656fe728d6/duckdb-1.5.6-cp310-cp310-macosx_10_9_universal2.whl", hash = "sha256:64db8a6700e81fe419fba130d8f1780686ad40fbf2eb69f78d2a1533728a0549", size = 32758341 },
    { url = "https://files.pythonhosted.org/packages/0e/d0/a382d9677097a1493049ae38f8219d751db989bfc72bf3a3766dc5af038e/duckdb-1.5.6-cp310-cp310-macosx_10_9_x86_64.whl", hash = "sha256:d6d1eac4de11779bb249b89b0544916ad65751da031df5c5f6d779c85b753109", size = 17372329 },
    { url = "https://files.pythonhosted.org/packages/5c/dc/76577ce6520db9e4e8b33f90ec2f503cbf79652a1fd34e391b8043f921f2/duckdb-1.5.6-cp310-cp310-macosx_11_0_arm64.whl", hash = "sha256:56355a543a79c7f4d8576d27edcbd9aaed19a562a0901188b021c10f4c818800", size = 15511297 },
    { url = "https://files.pythonhosted.org/packages/e0/3e/eeeef69e0c3cf3bb463b544435695647a4802437cfcc2b94035026bf5f84/duckdb-1.5.6-cp310-cp310-manylinux_2_26_aarch64.manylinux_2_28_aarch64.whl", hash = "sha256:95a6b91bb9149950baeb5d02466c006550d0ea98b9d10f15f7d614a8eb32e174", size = 19428638 },
    { url = "https://files.pythonhosted.org/packages/58/05/4ed0a651d55c8cbf9f7e826cfa95e67c9955a5db22a0c7c0cc5378f4a90c/duckdb-1.5.6-cp310-cp310-manylinux_2_26_x86_64.manylinux_2_28_x86_64.whl", hash = "sha256:dbd348e9ebdc8b28f1f9930efb5a74a382063c35d9c43901075566fbae50ab5c", size = 21534632 },
    { url = "https://files.pythonhosted.org/packages/33/34/66f49f13f4286871e54b8d5478fb0b10e1f334f6ffe81536213e7fb55f09/duckdb-1.5.6-cp310-cp310-win_amd64.whl", hash = "sha256:f14551eef9180fc72869e2d9a2896410a8826169e22495e98a825abaa0eac1a7", size = 13178288 },
    { url = "https://files.pythonhosted.org/packages/36/e5/01e03d30b7ba33a030a4269fdca16ce445ce10f9d29b84a10fdbe0636ad2/duckdb-1.5.6-cp311-cp311-macosx_10_9_universal2.whl", hash = "sha256:c88700d0ee68ad149a0cc624df21b0f21efc136ea2449aaadd7cd0c9a564962a", size = 32757482 },
    { url = "https://files.pythonhosted.org/packages/ba/4f/7f7be626a4649a3948ca646c84d6afc1a00121f292f98e6f0d9ed68330df/duckdb-1.5.6-cp311-cp311-macosx_10_9_x86_64.whl", hash = "sha256:03e4f1b10a8b8ff476eb2b73955590fadbcef978da1167c593114c5edf763960", size = 17372997 },
    { url = "https://files.pythonhosted.org/packages/1a/66/9d57573729348d800a0eebdd508f1a833d3714f72e984fef79b47f0e6c45/duckdb-1.5.6-cp311-cp311-macosx_11_0_arm64.whl", hash = "sha256:34623eaabd2c66ba5c20f1a39486321c3b7d32e4e0e001ced95f81e3372dd361", size = 15514224 },
    { url = "https://files.pythonhosted.org/packages/57/ec/97f595214b3a27b4ca42b8cab6d8121c06f3537dcc4d2da7bca0332de4c5/duckdb-1.5.6-cp311-cp311-manylinux_2_26_aarch64.manylinux_2_28_aarch64.whl", hash = "sha256:56c0f71c6bee982e9c30568bb12371bf66b26bf129c75d8d7f60bc69d6590a2c", size = 19428776 },
    { url = "https://files.pythonhosted.org/packages/68/4a/ab59f4c1f76fb89e28d23f19b2729538e0723c8d328a07e1b8c37f9ee128/duckdb-1.5.6-cp311-cp311-manylinux_2_26_x86_64.manylinux_2_28_x86_64.whl", hash = "sha256:73b108c04c932b36c2fa4e41110cc1c3c8cd510eb49f065f92d050be8e6929fd", size = 21537771 },
    { url = "https://files.pythonhosted.org/packages/31/4f/9306c442ecad76f2a4d19f249e7fc8861f139dcf748315102eb69de8ca56/duckdb-1.5.6-cp311-cp311-win_amd64.whl", hash = "sha256:dda311932cf5aae955a53fe28a4fc1700c2ab5fa02dc1f165abdd5ec6c39141e", size = 13179009 },
    { url = "https://files.pythonhosted.org/packages/a0/40/8a370e998293d3ebbbac4d926db30bb4ac5f700851a06ac31e7093bee386/duckdb-1.5.6-cp311-cp311-win_arm64.whl", hash = "sha256:df5ae02af278e084f54a9730a9f4f211ed736d0bd8f3bc12af925c2effb5b33d", size = 14046340 },
    { url = "https://files.pythonhosted.org/packages/d9/d5/d0ab77a0a1702a43171c93874f44c1f6481e30038bd3987df0d77a16a5c6/duckdb-1.5.6-cp312-cp312-macosx_10_13_universal2.whl", hash = "sha256:48d07d0651aaeac2c3974afd37599970154b7b79b54c18f27c319c14ccf98d9d", size = 32810486 },
    { url = "https://files.pythonhosted.org/packages/9f/cd/b22201de5377faa3be6c38d5f3eaa504cb480392a448bed6a4d2239469b4/duckdb-1.5.6-cp312-cp312-macosx_10_13_x86_64.whl", hash = "sha256:79de3dfa8705b1ba0d59e7e3252e40ff399e0afd12f485502a6c7bf7c2fd809a", size = 17405278 },
    { url = "https://files.pythonhosted.org/packages/9c/6d/f9cfb1493bbdc2f095693a402e42dce1192077f9e11573f00baed6a748de/duckdb-1.5.6-cp312-cp312-macosx_11_0_arm64.whl", hash = "sha256:dcccce20965e6986cd083fdf192c461685ad0b93cd1ccd0b2a8207f1185f078b", size = 15532943 },
    { url = "https://files.pythonhosted.org/packages/53/04/f65ccfaa5a833f2e570c4a140f03c8f95da416da9fe8ed08401f81f8242a/duckdb-1.5.6-cp312-cp312-manylinux_2_26_aarch64.manylinux_2_28_aarch64.whl", hash = "sha256:ce89a1025a5317ebe9c520876c48032b5247ac574865486648b1a004f6009875", size = 19454940 },
    { url = "https://files.pythonhosted.org/packages/4c/99/be75c788a492f8d77b7a1cdc1b19939ae7be0007f2028691ad371a1a33ee/duckdb-1.5.6-cp312-cp312-manylinux_2_26_x86_64.manylinux_2_28_x86_64.whl", hash = "sha256:bc9619ed7d4ffa117b5155d84b44794366bb6635178d78ed5e13a6024845c757", size = 21568087 },
    { url = "https://files.pythonhosted.org/packages/b5/95/889f8508960e47c0a7c75cc5bf57cde8512fc24f8db7b3129cca5388da42/duckdb-1.5.6-cp312-cp312-win_amd64.whl", hash = "sha256:09ff51b230219f0d8b47fc8a1e17fb595ba9fab0c3d96a6de4d00b8ff86b3cf1", size = 13190189 },
    { url = "https://files.pythonhosted.org/packages/a4/c9/baab503364a68309f8368c88e77f5341e7d94927bdf3e6d703f0e5035f3e/duckdb-1.5.6-cp312-cp312-win_arm64.whl", hash = "sha256:b8d795c8b2d5634b3269f974aa97f1fdf878f62f032317a52252a151b693fb1e", size = 14021977 },
    { url = "https://files.pythonhosted.org/packages/b1/5e/a476197fcba557738a588ec844747a19bc0a24b0e6f1809e308f29d68c0e/duckdb-1.5.6-cp313-cp313-macosx_10_13_universal2.whl", hash = "sha256:ae352646374cacf48e9981cf031191c494865192fc436d13667a2531fc5d1da3", size = 32810376 },
    { url = "https://files.pythonhosted.org/packages/0c/6d/5466a2b53ddd557644dfa47a763f68748efccdf282e6ae7c4f1bcfb3da69/duckdb-1.5.6-cp313-cp313-macosx_10_13_x86_64.whl", hash = "sha256:5a1261e90785e9d29953293e44f60fa073bd1137098924e8de21a037a861b051", size = 17405385 },
    { url = "https://files.pythonhosted.org/packages/d4/a0/bf87071170835ee4a34fe764fc11c1c6e7040a0e021b36c1b6f834a4c22f/duckdb-1.5.6-cp313-cp313-macosx_11_0_arm64.whl", hash = "sha256:97dd7a555b8f5298b76bc7d48a11cb2c64336e8de9bfde783cffb86ea9f54807", size = 15533132 },
    { url = "https://files.pythonhosted.org/packages/31/e0/38095c8e140ecfbe847519ac07bcba94301b8fbb76b2870015e33e07f179/duckdb-1.5.6-cp313-cp313-manylinux_2_26_aarch64.manylinux_2_28_aarch64.whl", hash = "sha256:364992ba1089a2b327391cfcb68fd0bd0ce9090cf293baef861a0ba6847abfee", size = 19454994 },
    { url = "https://files.pythonhosted.org/packages/70/21/61dd2876bbaa69cf77d7b5c620e52e8b25faae7096f4d2e4a812b52095d7/duckdb-1.5.6-cp313-cp313-manylinux_2_26_x86_64.manylinux_2_28_x86_64.whl", hash = "sha256:644f54ce99b3b61844bc9a3fe80e0aecb1ea4084b1fffc4396d1569db6111679", size = 21568700 },
    { url = "https://files.pythonhosted.org/packages/4a/4a/100730e7785e85268be4d4d5bd62cfc8314e261d2f42efa208243eef35cb/duckdb-1.5.6-cp313-cp313-win_amd64.whl", hash = "sha256:ced693d33ddcee2e5345f077d342c87d2aaa80e41c514e64c9ff2d4e5963c251", size = 13190707 },
    { url = "https://files.pythonhosted.org/packages/f3/2e/bc7f44eab4e89ee5c1cb427bb1168ad021d985042e6841ec0694c3d3d501/duckdb-1.5.6-cp313-cp313-win_arm64.whl", hash = "sha256:41ecc75bb9328d72d154a705c1a653d2c5c60f686a5c0c6578aa80020753c884", size = 14020962 },
    { url = "https://files.pythonhosted.org/packages/fb/62/a8a30a4c6b94c0861d348ed5633b963f6745a5525527530f02f3c1a7c931/duckdb-1.5.6-cp314-cp314-macosx_10_15_universal2.whl", hash = "sha256:aa21d2ad803b2524326e8622d7d96b2bb1ff1d5b60368e1978ee805df9c21fb3", size = 32828003 },
    { url = "https://files.pythonhosted.org/packages/71/b7/1dcca0005eb8c67adf9fc06bf0cbb1d2bf4ea1974cc89e7a7c2ad66aac28/duckdb-1.5.6-cp314-cp314-macosx_10_15_x86_64.whl", hash = "sha256:8a1b2ad27d414068cbca06c55cfa802eece10f86ea4812ff082f8ab4cb25fc85", size = 17413912 },
    { url = "https://files.pythonhosted.org/packages/93/b0/e3ac175443550f3464f2d95731a8b0aae9b4dc3875c3a186c352262b43c2/duckdb-1.5.6-cp314-cp314-macosx_11_0_arm64.whl", hash = "sha256:c79c6d222b1d015cde73b5139087186b00db65357fb4e2c94c2308fbbf465a72", size = 15543122 },
    { url = "https://files.pythonhosted.org/packages/9d/08/cc510a7952aba69d5cdca17f3ef61c95713d86143f2ee9aa3e097d38f50b/duckdb-1.5.6-cp314-cp314-manylinux_2_26_aarch64.manylinux_2_28_aarch64.whl", hash = "sha256:1052b8050ef5696e2c0d8c836949c72f3dd11f0690466acbea739613e8e2750b", size = 19457946 },
    { url = "https://files.pythonhosted.org/packages/ef/a5/6f8099d9a5a02ddff89e5c85875df3465054845b0920fb0703fbdf8dd2ec/duckdb-1.5.6-cp314-cp314-manylinux_2_26_x86_64.manylinux_2_28_x86_64.whl", hash = "sha256:19c5e485e59613b8878d1670bcaa7a010f53c5a4da5ae8e08863e5e529ca6182", size = 21575132 },
    { url = "https://files.pythonhosted.org/packages/9f/58/762f7159662d7859e201fa05ca29f306795daeabf84f3e087215a966b001/duckdb-1.5.6-cp314-cp314-win_amd64.whl", hash = "sha256:ebcbd09cd8578ab1093393e9b16289cda0e8f1791ac595bf00eb5bad75c3cf00", size = 13713963 },
    { url = "https://files.pythonhosted.org/packages/46/69/64d165db322de13f5c3e75d377b6b9694df1821155ad1fa4b14b04601abc/duckdb-1.5.6-cp314-cp314-win_arm64.whl", hash = "sha256:820a8384faef11cd86068ea48c5da57ce2d8f1c7b3d2bdb9be3398317a7c3728", size = 14514368 },
]

[[package]]
name = "polars"
version = "2.0.0"
source = { registry = "https://pypi.org/simple" }
dependencies = [
    { name = "polars-runtime-32" },
]
sdist = { url = "https://files.pythonhosted.org/packages/8e/e9/001f371ec6a1bb54893f599ceebd56e6144fed4091f09f09fec0021a9276/polars-2.0.0.tar.gz", hash = "sha256:62da109e27a19a9d36657ee25dc035c9d3f87e7bd610526fe467dc37ea7dc115", size = 778215 }
wheels = [
    { url = "https://files.pythonhosted.org/packages/ac/09/cc33bbd5463749c116b62c204d88bed6c02a6cb901eac7adab0d38651b07/polars-2.0.0-py3-none-any.whl", hash = "sha256:35d62f3541b7a6d4c360a2e2f07fccc0c2bcbd33b0ea51c83a25417a47a3f3ad", size = 876611 },
]

[[package]]
name = "polars-2-0-benchmark"
version = "0.1.0"
source = { virtual = "." }
dependencies = [
    { name = "datafusion" },
    { name = "duckdb" },
    { name = "polars" },
    { name = "tpcgen-cli" },
]

[package.metadata]
requires-dist = [
    { name = "datafusion" },
    { name = "duckdb" },
    { name = "polars" },
    { name = "tpcgen-cli", git = "https://github.com/datafusion-contrib/tpcgen-rs?subdirectory=tpcgen-cli" },
]

[[package]]
name = "polars-runtime-32"
version = "2.0.0"
source = { registry = "https://pypi.org/simple" }
sdist = { url = "https://files.pythonhosted.org/packages/34/ad/dbb6f6d7070867951532bcfe5e6a648d8777b416b18cddabc07030404e8c/polars_runtime_32-2.0.0.tar.gz", hash = "sha256:b5f9afcc742b4a67eabd2c680ff0f12eb02ede9b4bf807bffabd6dbb9a58d5c7", size = 3591339 }
wheels = [
    { url = "https://files.pythonhosted.org/packages/82/88/d35dec6c8928dfbaa1cccf9b626a1067da906e792c92d9f994ca825ab2b5/polars_runtime_32-2.0.0-cp310-abi3-macosx_10_12_x86_64.whl", hash = "sha256:ffb7ac6cf4e8c4a652df1951e3c3840c7c23a033603d5a9efd422fa8dd699d82", size = 52494314 },
    { url = "https://files.pythonhosted.org/packages/5f/fd/2237bf53ffaff47cdf1edc6c10587a7a6444d4951150eeb08d84f3493ff8/polars_runtime_32-2.0.0-cp310-abi3-macosx_11_0_arm64.whl", hash = "sha256:7012d8a0201bd95638545ce8f256c0efe2c5cab0f806eb043021dddde5a9498b", size = 47930083 },
    { url = "https://files.pythonhosted.org/packages/0d/0d/85e3ed90417996fc09770be91b39979074fe2978fc15b431bf8a9459760d/polars_runtime_32-2.0.0-cp310-abi3-manylinux_2_17_aarch64.manylinux2014_aarch64.whl", hash = "sha256:8b85bb42e6009acc9629afcc70a83473fd468694d6a30ffb0ab376c8dd1a0a17", size = 50417889 },
    { url = "https://files.pythonhosted.org/packages/83/88/e9fecfd49159da92f54ff2445883577a0f1bc195da53ecc9535c458d55dd/polars_runtime_32-2.0.0-cp310-abi3-manylinux_2_17_x86_64.manylinux2014_x86_64.whl", hash = "sha256:0d6ac584ea2b38913784db943879412380d92e28ab9cb88e20a77ba71ba3f911", size = 54475036 },
    { url = "https://files.pythonhosted.org/packages/48/ad/b2abf732697b21467aaaeaac0f3bf7eee0d89c59ce8125f1ed41b28a2d97/polars_runtime_32-2.0.0-cp310-abi3-musllinux_1_2_aarch64.whl", hash = "sha256:a6bf5e260e0a6f00d0f9181438fe9e45776df8c66cee9cba16e3675cc3888488", size = 50579474 },
    { url = "https://files.pythonhosted.org/packages/7f/05/304deee59a95865e1b5e9ec7b066069b49093b81b768f473d9d3b165c686/polars_runtime_32-2.0.0-cp310-abi3-musllinux_1_2_x86_64.whl", hash = "sha256:55c26eef325b6840584d91aac232e9cf3ac19e1b904594b9b54131be1edeab4d", size = 54413293 },
    { url = "https://files.pythonhosted.org/packages/61/59/8c9fd7199f7c4eb1b64e640306a946a2e4a46337b3bbb33b840972c7d84b/polars_runtime_32-2.0.0-cp310-abi3-win_amd64.whl", hash = "sha256:7da1caf3c7b4f397fb213c984013a0c755557619a2d511899a1ff74392484078", size = 54229989 },
    { url = "https://files.pythonhosted.org/packages/e2/93/43608026f38aa6ed4d22da8597706a61682ee403caef0021ce8e6dc73227/polars_runtime_32-2.0.0-cp310-abi3-win_arm64.whl", hash = "sha256:c30ba698c8904048df4a9bc3d6c5033cc2d0a7cbb0e13f4fd2de5a1947b61994", size = 48730655 },
]

[[package]]
name = "pyarrow"
version = "25.0.1"
source = { registry = "https://pypi.org/simple" }
sdist = { url = "https://files.pythonhosted.org/packages/3d/e3/27f57f80141379d60defe6703eb50a707325706f07fedfd1312c7a751995/pyarrow-25.0.1.tar.gz", hash = "sha256:9150a83248bfed9813ea3c3af74c3856c1984d444aa28e58bf7733b9750ddf6a", size = 1201653 }
wheels = [
    { url = "https://files.pythonhosted.org/packages/0a/3e/5cd70becb51e1d044c54ba5e627424a6e87df5b98008cbd22cc6abd409ca/pyarrow-25.0.1-cp310-cp310-macosx_12_0_arm64.whl", hash = "sha256:0b1edbb2f385a6a65e9711b62ba86ac54a7816a3f8d17bb3e8a5929d65fb2485", size = 35954271 },
    { url = "https://files.pythonhosted.org/packages/64/be/17599e086df264ea7dc221d1101e3131e181e00da428a2f9bd0358f0d06b/pyarrow-25.0.1-cp310-cp310-macosx_12_0_x86_64.whl", hash = "sha256:a4dd8bf99a8fac133efc0ed6a92f5fddbe2adba0d0f6dd720e39ba9855cea85c", size = 37647543 },
    { url = "https://files.pythonhosted.org/packages/42/34/e138b451fd3970a6eda4599f68ae3b2b32b661bc958de3239d54a0bf6575/pyarrow-25.0.1-cp310-cp310-manylinux_2_28_aarch64.whl", hash = "sha256:bddd0c4f7630c2a3ddf6347c1bdaa79d97bcf6bd445f9e60c816b7d77c85a5ae", size = 46837120 },
    { url = "https://files.pythonhosted.org/packages/57/5c/f8fc0eb2de03464a557d5a4d0c15e972d73362414696618833b771f7eddd/pyarrow-25.0.1-cp310-cp310-manylinux_2_28_x86_64.whl", hash = "sha256:a4d6d5e9a3d1879a97c08ded0c797579b7965eafd0f0c26c30b45ccc06db939b", size = 50066460 },
    { url = "https://files.pythonhosted.org/packages/3f/d1/0dd64fd06de0333b808a02f60981635f067b71aad3a30698a9a104fae778/pyarrow-25.0.1-cp310-cp310-musllinux_1_2_aarch64.whl", hash = "sha256:514ddb60285631af068875550c90eddc181db3e8e63a032b1559be189e82f056", size = 49937892 },
    { url = "https://files.pythonhosted.org/packages/cb/3c/f89d1bd76d5f3284c2a44d7d7ebbd8204535e5ae2b41f4077069b4ff2ec6/pyarrow-25.0.1-cp310-cp310-musllinux_1_2_x86_64.whl", hash = "sha256:cab40b1edfef0262e0e5251aa2c58d75630f24d06dd7794480243acc001a1d7d", size = 53107240 },
    { url = "https://files.pythonhosted.org/packages/67/67/b554a8e09f3f3decccf405eb8fbe86696321cbcb5b62d18b4a5057a4c113/pyarrow-25.0.1-cp310-cp310-win_amd64.whl", hash = "sha256:60e89d8f13861a1f7f8d950fa54aebb8023b30734d0ac51ffa80beabe2df4bba", size = 27848683 },
    { url = "https://files.pythonhosted.org/packages/ee/8b/0d23b47702fcfe8b3618d5292035099675c5a1c48258932350c08020f7b5/pyarrow-25.0.1-cp311-cp311-macosx_12_0_arm64.whl", hash = "sha256:51093dd9e10325fbdb3c10a2ae7c4806e5c822d94e74ae4938b26524a3323fee", size = 35946180 },
    { url = "https://files.pythonhosted.org/packages/d8/17/707d17a5476c55a9541fde0db8213ac30979a792864d72415f176ba50c45/pyarrow-25.0.1-cp311-cp311-macosx_12_0_x86_64.whl", hash = "sha256:eb6203482ff3746a5632303a7279ae0b5a304c46985b49ed1378cb350ea6728d", size = 37644787 },
    { url = "https://files.pythonhosted.org/packages/c1/b2/cdc98ecf1a6408280bc3a6a07054cdd99a3f4670acc0545d383ce113e87d/pyarrow-25.0.1-cp311-cp311-manylinux_2_28_aarch64.whl", hash = "sha256:880523be3d29efcf83d3998835d206118ccf35e3871dbd2fb60408cf6b007a80", size = 46834633 },
    { url = "https://files.pythonhosted.org/packages/c8/6e/d3fafc41f378b2c65be43b827798c0fae42049a641c8526633ed3eb573e2/pyarrow-25.0.1-cp311-cp311-manylinux_2_28_x86_64.whl", hash = "sha256:25f8720bf6387d5dc2ebd2622112de630760419e4b66134405dd24110d15f37e", size = 50065507 },
    { url = "https://files.pythonhosted.org/packages/d5/12/8d0698954b8c3001844a898e0a6900bebe83d7ee40c11195174c5122f324/pyarrow-25.0.1-cp311-cp311-musllinux_1_2_aarch64.whl", hash = "sha256:4facd65742a024a4a366328a1d2292062d72d6e023c1b7dda8d4c37544933a25", size = 49955690 },
    { url = "https://files.pythonhosted.org/packages/d3/0b/1ecb936ac6409e90a34d58eea1c7cec09a9ae6d2141b9e49ad01a2b1ea47/pyarrow-25.0.1-cp311-cp311-musllinux_1_2_x86_64.whl", hash = "sha256:aa0559502e1cd6254d6814614085dd9c5a3dd0419362978a936a3f68a9e5c3df", size = 53128198 },
    { url = "https://files.pythonhosted.org/packages/8e/1c/5236033550633c9b7377b2a53660b2bbb06cb06dc09c4356332d67643ca1/pyarrow-25.0.1-cp311-cp311-win_amd64.whl", hash = "sha256:62cd0d785b8aa6675ee355f9fc02252a340f4441257c42674937826fd7594325", size = 27857263 },
    { url = "https://files.pythonhosted.org/packages/a6/e2/9ab15b88cbfac28e16419ce5439ec29234c5172cb8259301b4ba639bdec0/pyarrow-25.0.1-cp312-cp312-macosx_12_0_arm64.whl", hash = "sha256:df961f2e7ae9cf496459259d798652c70625f6c080650d6952f8c04053c58ee9", size = 35861559 },
    { url = "https://files.pythonhosted.org/packages/58/79/a0036dbe1eabe1f73127427342f1d99982584c4a2cde2651d6c93499c6f6/pyarrow-25.0.1-cp312-cp312-macosx_12_0_x86_64.whl", hash = "sha256:cc4aa407fde9fc660be3939e49ea31f50f3e9fec17c0ec63159f7711edd3efc9", size = 37628383 },
    { url = "https://files.pythonhosted.org/packages/13/49/d93a57d375f4bf0cf82913dd6bb54acafde83dd993be2282c81ac5616cad/pyarrow-25.0.1-cp312-cp312-manylinux_2_28_aarch64.whl", hash = "sha256:4340f0ba6c1d2e13f21658de1d7c662ca2545018568d0030a1e9afca159d87e3", size = 46820190 },
    { url = "https://files.pythonhosted.org/packages/60/c9/711ca85d79f1ec98f29a5eae2b051e25b4ecec5de3e3c0e2d5c5dcb15664/pyarrow-25.0.1-cp312-cp312-manylinux_2_28_x86_64.whl", hash = "sha256:5389cdf79447ed1515c9e31620e6e1e2302249564d603f2ad727d4f6d313e4c3", size = 50102437 },
    { url = "https://files.pythonhosted.org/packages/80/53/8fb8359ff17cfb6263a1cf3ebf7caec9fe197de118719e84fcb1d0618026/pyarrow-25.0.1-cp312-cp312-musllinux_1_2_aarch64.whl", hash = "sha256:d51592cb7561e87877c506113e7adbf1342ab579e6c21f0ef44b8ba41cb74c80", size = 49942424 },
    { url = "https://files.pythonhosted.org/packages/e8/83/4e5ae02a9341571b18a6fca380ac7a58ce6ddae7ab3c060208c0a1e79f02/pyarrow-25.0.1-cp312-cp312-musllinux_1_2_x86_64.whl", hash = "sha256:6109c94d8b9f3b17a041daca16cacb2f651ad8f1ef70a4232c2c0f37a23da2a8", size = 53144206 },
    { url = "https://files.pythonhosted.org/packages/65/ee/197cbf47e49f83e6ebeb946a5259a48a638dea27ac774db42fe78022179d/pyarrow-25.0.1-cp312-cp312-win_amd64.whl", hash = "sha256:8858d7bfc22e3f51529aeaa4077225029724623e4595dc9eff8c793935c34140", size = 27953934 },
    { url = "https://files.pythonhosted.org/packages/cc/8d/8f271a7a034c834910ec925d56fa4b29733b1380f5289419f5aaa3b02777/pyarrow-25.0.1-cp313-cp313-macosx_12_0_arm64.whl", hash = "sha256:c7c534ec03c358a76ea3e505e74c1b6aef290af90c444dfd092dbfe23e755b85", size = 35855328 },
    { url = "https://files.pythonhosted.org/packages/d2/cd/5bac242f4e841b9971d5eb94fdfe2577e2b70be983e27401e72055786037/pyarrow-25.0.1-cp313-cp313-macosx_12_0_x86_64.whl", hash = "sha256:dda9470024204d7bbf2042b47c6e8a0e47a3eeb8e34405882dfaea6577e0c153", size = 37622415 },
    { url = "https://files.pythonhosted.org/packages/63/1f/96d03b4e1506524f7087adb0fd6b2f69f0c9c7aaff1ec36d8030082e15a5/pyarrow-25.0.1-cp313-cp313-manylinux_2_28_aarch64.whl", hash = "sha256:44a9120ce5bd81936b8ab9a88076e3fd47c2c6838e0e43630fed83626aca81d9", size = 46813813 },
    { url = "https://files.pythonhosted.org/packages/98/d6/33a411115b61dbfc16ad6ad73e71730f6fea654ee3667673bc53ab0e2fe7/pyarrow-25.0.1-cp313-cp313-manylinux_2_28_x86_64.whl", hash = "sha256:0befcf816e45a1af33ac775a9970b749e4868a230c7372f0ae5e932bee27039f", size = 50104452 },
    { url = "https://files.pythonhosted.org/packages/33/ae/b1b97c9ca87f9f9ddbb5230c798df94eccce61bd79b9b45458c69a478588/pyarrow-25.0.1-cp313-cp313-musllinux_1_2_aarch64.whl", hash = "sha256:3f89685964f46e4216103c75483aac0c0692a5f72212d7ca835adba5ede56ce3", size = 49951343 },
    { url = "https://files.pythonhosted.org/packages/98/9e/a112df5cfd5a68cb1d9fc31cfe38c28d5aec9f10865ce37ecef2e4450873/pyarrow-25.0.1-cp313-cp313-musllinux_1_2_x86_64.whl", hash = "sha256:6943e2fe7954d29d84de45d29d34c8dc36ce96570e67d89aa9976e650a4a9138", size = 53144784 },
    { url = "https://files.pythonhosted.org/packages/31/24/97e8bd98f1e3b07e2ba08bcdff690674fbe16d69a7d2712cc3884665e615/pyarrow-25.0.1-cp313-cp313-win_amd64.whl", hash = "sha256:31e49a7888fcdf3a835da33ae777f6bb9a866334e5a789282fc26dcf426f7f15", size = 27870159 },
    { url = "https://files.pythonhosted.org/packages/36/4c/b525824ad3094076919273cd97db61fb3d78252dee76fa3b8dc8f76774aa/pyarrow-25.0.1-cp314-cp314-macosx_12_0_arm64.whl", hash = "sha256:bf0b672390cdcb640d7288f96b826d71ff4e9abb254a86c89890baf51a29cee6", size = 35885255 },
    { url = "https://files.pythonhosted.org/packages/08/62/448bb0e940de41aec31d1a956e63ad9c54afdf122a103cc3ab20c2a3ce33/pyarrow-25.0.1-cp314-cp314-macosx_12_0_x86_64.whl", hash = "sha256:38a9a4b4b9613380e200641891495a56c3d5a98a092db4a870af9975e220471d", size = 37644461 },
    { url = "https://files.pythonhosted.org/packages/6e/9a/13587e38bd4806fd218f50fd13b8903fab60588a699ff0c406372e5b4043/pyarrow-25.0.1-cp314-cp314-manylinux_2_28_aarch64.whl", hash = "sha256:0b726ad7e7b669be982b0c71c07fe4b037d654354130da79a7902a669e93a66b", size = 46877146 },
    { url = "https://files.pythonhosted.org/packages/8d/61/1c5d1229fa21da4cff5365e41e57177aaac57c563c727f35419b8513d1c1/pyarrow-25.0.1-cp314-cp314-manylinux_2_28_x86_64.whl", hash = "sha256:9171748cdf796972d85a4b60157c279913e242992e350c90c7450182a9838b2a", size = 50131616 },
    { url = "https://files.pythonhosted.org/packages/43/20/291e1d65cc0b09aa19f03cf25cf51a2f5fa94b5db315178f2d254ed5cad4/pyarrow-25.0.1-cp314-cp314-musllinux_1_2_aarch64.whl", hash = "sha256:b7a296aac7a71fa0886c08e155ddb6c636a50013f801f6178daafa0f9e726188", size = 50008879 },
    { url = "https://files.pythonhosted.org/packages/8b/7c/1b7c9ec28e76576337e4f97b31141c9a181b89b6d1d6221e9d8205621a58/pyarrow-25.0.1-cp314-cp314-musllinux_1_2_x86_64.whl", hash = "sha256:0fe7c8b6c03969b49c8c66182e4a18e3819ab92d07cfab5d8370c531b9369ef0", size = 53170864 },
    { url = "https://files.pythonhosted.org/packages/b7/75/f3d789dc06011a765d14d86bda799cf72ac1d715b6a6edecaa0d73d95062/pyarrow-25.0.1-cp314-cp314-win_amd64.whl", hash = "sha256:f729cfdbd36fd99d543b67a914d2de044c84ebe45be8b34902b299b608c15c8f", size = 28620729 },
    { url = "https://files.pythonhosted.org/packages/fc/05/647a8ee6f7c2662feb6921315617bc04dcd6034763fb61b1199720bf6162/pyarrow-25.0.1-cp314-cp314t-macosx_12_0_arm64.whl", hash = "sha256:59a2de54c0cbd954da861eee4d1d330f8e909c45b53455baef696380f2c55033", size = 36130288 },
    { url = "https://files.pythonhosted.org/packages/93/f8/c9ee997554d7bea94520667dd1933f109ac1da3ee3556d2b49381e023484/pyarrow-25.0.1-cp314-cp314t-macosx_12_0_x86_64.whl", hash = "sha256:35935cd5de130aa5cf4dea052a63e6bf2e17006c35c3a468194242b9b2bf5956", size = 37762187 },
    { url = "https://files.pythonhosted.org/packages/a2/08/a28c01c7fe9e96e8233ce2d13df1d402f4f999f848f51d2daacd6bb4c036/pyarrow-25.0.1-cp314-cp314t-manylinux_2_28_aarch64.whl", hash = "sha256:f3831aaa25c67a99f99dc8b05873cb9d64560390372e2aa197ce9dd4a3f06a44", size = 46888003 },
    { url = "https://files.pythonhosted.org/packages/1b/b9/58612e977d28dc58c878448866838369ee8da2f1e7cc8ed2c84b952aafee/pyarrow-25.0.1-cp314-cp314t-manylinux_2_28_x86_64.whl", hash = "sha256:6a1fdfc6659b6b19022f2e50627fb5cf7156a66c46bf4299379955cbe742382a", size = 50079036 },
    { url = "https://files.pythonhosted.org/packages/72/13/66e1402dcc860e1dc2760b1e0292c9a569b62b3bccab69def1b3e907d006/pyarrow-25.0.1-cp314-cp314t-musllinux_1_2_aarch64.whl", hash = "sha256:169d3429d5be7c752125890620f75a60776d38b0035eddae939651640822332e", size = 50040226 },
    { url = "https://files.pythonhosted.org/packages/78/10/3f1a5497a7ef732ab0f03ecca3e66d89d9c0f57fdc61b4794c456b781f01/pyarrow-25.0.1-cp314-cp314t-musllinux_1_2_x86_64.whl", hash = "sha256:119297a6dc197e45d9c6d4415f7814a67ffa36c180d26f68c154c58067ae782d", size = 53149035 },
    { url = "https://files.pythonhosted.org/packages/93/c0/37d4a7e8e2f7a6076283673d5298018ca26478b934c6ee369e10505ab32c/pyarrow-25.0.1-cp314-cp314t-win_amd64.whl", hash = "sha256:4288f27577352d608ca08553b0865e4a9b3aa14820c5d95b53337218d609835b", size = 28753071 },
]

[[package]]
name = "tpcgen-cli"
version = "4.0.0rc1"
source = { git = "https://github.com/datafusion-contrib/tpcgen-rs?subdirectory=tpcgen-cli#99bedaee4cfb1d6b67a59100a222d32643079832" }

[[package]]
name = "typing-extensions"
version = "4.16.0"
source = { registry = "https://pypi.org/simple" }
sdist = { url = "https://files.pythonhosted.org/packages/f6/cc/6253133b5bb138fc3306cebfbda2c520f545d36b5be2c7255cc528bb45d6/typing_extensions-4.16.0.tar.gz", hash = "sha256:dc983d19a509c94dba722ee6abd33940f7c05a89e243c47e907eb4db6f1a43e5", size = 113555 }
wheels = [
    { url = "https://files.pythonhosted.org/packages/49/d3/b8441a820a491ddfc024b0b0cf0393375b75ea13866d9c66727e54c2fc80/typing_extensions-4.16.0-py3-none-any.whl", hash = "sha256:481caa481374e813c1b176ada14e97f1f67a4539ce9cfeb3f350d78d6370c2e8", size = 45571 },
]
